PODS:
  - AEAnimations (0.1.0)
  - AELogining (0.1.0):
    - AEAnimations
  - MGJRouter (0.10.0)

DEPENDENCIES:
  - AELogining
  - MGJRouter (~> 0.10.0)

SPEC REPOS:
  trunk:
    - AEAnimations
    - AELogining
    - MGJRouter

SPEC CHECKSUMS:
  AEAnimations: ac25cc97c4f0a288186263bece36766048e697ef
  AELogining: 7b910a20a56c2a20371efe91b66801ab657e1517
  MGJRouter: 15d94541eb2cc81eff7d577337288feb7ae9575f

PODFILE CHECKSUM: dbbd9082489ea4b3ee0df1fe84531d15f985e3e3

COCOAPODS: 1.10.0
